
Microsoft Visual Studio Solution File, Format Version 12.00
# Visual Studio Version 17
VisualStudioVersion = 17.9.34622.214
MinimumVisualStudioVersion = 10.0.40219.1
Project("{FAE04EC0-301F-11D3-BF4B-00C04F79EFBC}") = "HC.AI.MAPI", "HC.AI.MAPI\HC.AI.MAPI.csproj", "{9B73E9CB-436D-44EF-8858-9C78AB778497}"
EndProject
Project("{FAE04EC0-301F-11D3-BF4B-00C04F79EFBC}") = "HC.AI.MAPI.BL", "HC.AI.MAPI.BL\HC.AI.MAPI.BL.csproj", "{02D5BD66-782F-45B1-9CAD-D29A49902D60}"
EndProject
Project("{FAE04EC0-301F-11D3-BF4B-00C04F79EFBC}") = "HC.AI.MAPI.AL", "HC.AI.MAPI.AL\HC.AI.MAPI.AL.csproj", "{6A8E80DD-848B-4283-97A0-4CA8CE96923C}"
EndProject
Project("{FAE04EC0-301F-11D3-BF4B-00C04F79EFBC}") = "HC.AI.MAPI.Prompt", "HC.AI.MAPI.Prompt\HC.AI.MAPI.Prompt.csproj", "{65CD34BC-C881-4BCD-B545-215E2CA6F046}"
EndProject
Project("{FAE04EC0-301F-11D3-BF4B-00C04F79EFBC}") = "HC.AI.MAPI.Guardrail", "HC.AI.MAPI.Guardrail\HC.AI.MAPI.Guardrail.csproj", "{2316F1D6-8985-45DB-8E7B-B165B1F1ABBD}"
EndProject
Project("{FAE04EC0-301F-11D3-BF4B-00C04F79EFBC}") = "HC.AI.MAPI.Repository", "HC.AI.MAPI.Repository\HC.AI.MAPI.Repository.csproj", "{0DBA0CE0-B3E2-4769-9537-D6165600366A}"
EndProject
Project("{FAE04EC0-301F-11D3-BF4B-00C04F79EFBC}") = "HC.AI.MAPI.EF", "HC.AI.MAPI.EF\HC.AI.MAPI.EF.csproj", "{50DCB888-43B0-4462-90F5-8768F8FA059E}"
EndProject
Project("{FAE04EC0-301F-11D3-BF4B-00C04F79EFBC}") = "HC.AI.MAPI.Models", "HC.AI.MAPI.Models\HC.AI.MAPI.Models.csproj", "{16822253-5A25-4B0D-B914-F064F32DED2A}"
EndProject
Project("{FAE04EC0-301F-11D3-BF4B-00C04F79EFBC}") = "HC.AI.MAPI.Workflow", "HC.AI.MAPI.Workflow\HC.AI.MAPI.Workflow.csproj", "{C8A99DAA-E06C-46FB-97FE-87FB5977F44F}"
EndProject
Project("{FAE04EC0-301F-11D3-BF4B-00C04F79EFBC}") = "HC.AI.MAPI.Llm", "HC.AI.MAPI.Llm\HC.AI.MAPI.Llm.csproj", "{7FBE442D-407D-4958-A8F8-225223A7CA70}"
EndProject
Project("{FAE04EC0-301F-11D3-BF4B-00C04F79EFBC}") = "HC.AI.MAPI.Tool", "HC.AI.MAPI.Tool\HC.AI.MAPI.Tool.csproj", "{12DD7B11-EFE4-427D-84B9-206007E91FB1}"
EndProject
Global
	GlobalSection(SolutionConfigurationPlatforms) = preSolution
		Debug|Any CPU = Debug|Any CPU
		Debug|x64 = Debug|x64
		Debug|x86 = Debug|x86
		Release|Any CPU = Release|Any CPU
		Release|x64 = Release|x64
		Release|x86 = Release|x86
	EndGlobalSection
	GlobalSection(ProjectConfigurationPlatforms) = postSolution
		{9B73E9CB-436D-44EF-8858-9C78AB778497}.Debug|Any CPU.ActiveCfg = Debug|Any CPU
		{9B73E9CB-436D-44EF-8858-9C78AB778497}.Debug|Any CPU.Build.0 = Debug|Any CPU
		{9B73E9CB-436D-44EF-8858-9C78AB778497}.Debug|x64.ActiveCfg = Debug|Any CPU
		{9B73E9CB-436D-44EF-8858-9C78AB778497}.Debug|x64.Build.0 = Debug|Any CPU
		{9B73E9CB-436D-44EF-8858-9C78AB778497}.Debug|x86.ActiveCfg = Debug|Any CPU
		{9B73E9CB-436D-44EF-8858-9C78AB778497}.Debug|x86.Build.0 = Debug|Any CPU
		{9B73E9CB-436D-44EF-8858-9C78AB778497}.Release|Any CPU.ActiveCfg = Release|Any CPU
		{9B73E9CB-436D-44EF-8858-9C78AB778497}.Release|Any CPU.Build.0 = Release|Any CPU
		{9B73E9CB-436D-44EF-8858-9C78AB778497}.Release|x64.ActiveCfg = Release|Any CPU
		{9B73E9CB-436D-44EF-8858-9C78AB778497}.Release|x64.Build.0 = Release|Any CPU
		{9B73E9CB-436D-44EF-8858-9C78AB778497}.Release|x86.ActiveCfg = Release|Any CPU
		{9B73E9CB-436D-44EF-8858-9C78AB778497}.Release|x86.Build.0 = Release|Any CPU
		{02D5BD66-782F-45B1-9CAD-D29A49902D60}.Debug|Any CPU.ActiveCfg = Debug|Any CPU
		{02D5BD66-782F-45B1-9CAD-D29A49902D60}.Debug|Any CPU.Build.0 = Debug|Any CPU
		{02D5BD66-782F-45B1-9CAD-D29A49902D60}.Debug|x64.ActiveCfg = Debug|Any CPU
		{02D5BD66-782F-45B1-9CAD-D29A49902D60}.Debug|x64.Build.0 = Debug|Any CPU
		{02D5BD66-782F-45B1-9CAD-D29A49902D60}.Debug|x86.ActiveCfg = Debug|Any CPU
		{02D5BD66-782F-45B1-9CAD-D29A49902D60}.Debug|x86.Build.0 = Debug|Any CPU
		{02D5BD66-782F-45B1-9CAD-D29A49902D60}.Release|Any CPU.ActiveCfg = Release|Any CPU
		{02D5BD66-782F-45B1-9CAD-D29A49902D60}.Release|Any CPU.Build.0 = Release|Any CPU
		{02D5BD66-782F-45B1-9CAD-D29A49902D60}.Release|x64.ActiveCfg = Release|Any CPU
		{02D5BD66-782F-45B1-9CAD-D29A49902D60}.Release|x64.Build.0 = Release|Any CPU
		{02D5BD66-782F-45B1-9CAD-D29A49902D60}.Release|x86.ActiveCfg = Release|Any CPU
		{02D5BD66-782F-45B1-9CAD-D29A49902D60}.Release|x86.Build.0 = Release|Any CPU
		{6A8E80DD-848B-4283-97A0-4CA8CE96923C}.Debug|Any CPU.ActiveCfg = Debug|Any CPU
		{6A8E80DD-848B-4283-97A0-4CA8CE96923C}.Debug|Any CPU.Build.0 = Debug|Any CPU
		{6A8E80DD-848B-4283-97A0-4CA8CE96923C}.Debug|x64.ActiveCfg = Debug|Any CPU
		{6A8E80DD-848B-4283-97A0-4CA8CE96923C}.Debug|x64.Build.0 = Debug|Any CPU
		{6A8E80DD-848B-4283-97A0-4CA8CE96923C}.Debug|x86.ActiveCfg = Debug|Any CPU
		{6A8E80DD-848B-4283-97A0-4CA8CE96923C}.Debug|x86.Build.0 = Debug|Any CPU
		{6A8E80DD-848B-4283-97A0-4CA8CE96923C}.Release|Any CPU.ActiveCfg = Release|Any CPU
		{6A8E80DD-848B-4283-97A0-4CA8CE96923C}.Release|Any CPU.Build.0 = Release|Any CPU
		{6A8E80DD-848B-4283-97A0-4CA8CE96923C}.Release|x64.ActiveCfg = Release|Any CPU
		{6A8E80DD-848B-4283-97A0-4CA8CE96923C}.Release|x64.Build.0 = Release|Any CPU
		{6A8E80DD-848B-4283-97A0-4CA8CE96923C}.Release|x86.ActiveCfg = Release|Any CPU
		{6A8E80DD-848B-4283-97A0-4CA8CE96923C}.Release|x86.Build.0 = Release|Any CPU
		{65CD34BC-C881-4BCD-B545-215E2CA6F046}.Debug|Any CPU.ActiveCfg = Debug|Any CPU
		{65CD34BC-C881-4BCD-B545-215E2CA6F046}.Debug|Any CPU.Build.0 = Debug|Any CPU
		{65CD34BC-C881-4BCD-B545-215E2CA6F046}.Debug|x64.ActiveCfg = Debug|Any CPU
		{65CD34BC-C881-4BCD-B545-215E2CA6F046}.Debug|x64.Build.0 = Debug|Any CPU
		{65CD34BC-C881-4BCD-B545-215E2CA6F046}.Debug|x86.ActiveCfg = Debug|Any CPU
		{65CD34BC-C881-4BCD-B545-215E2CA6F046}.Debug|x86.Build.0 = Debug|Any CPU
		{65CD34BC-C881-4BCD-B545-215E2CA6F046}.Release|Any CPU.ActiveCfg = Release|Any CPU
		{65CD34BC-C881-4BCD-B545-215E2CA6F046}.Release|Any CPU.Build.0 = Release|Any CPU
		{65CD34BC-C881-4BCD-B545-215E2CA6F046}.Release|x64.ActiveCfg = Release|Any CPU
		{65CD34BC-C881-4BCD-B545-215E2CA6F046}.Release|x64.Build.0 = Release|Any CPU
		{65CD34BC-C881-4BCD-B545-215E2CA6F046}.Release|x86.ActiveCfg = Release|Any CPU
		{65CD34BC-C881-4BCD-B545-215E2CA6F046}.Release|x86.Build.0 = Release|Any CPU
		{2316F1D6-8985-45DB-8E7B-B165B1F1ABBD}.Debug|Any CPU.ActiveCfg = Debug|Any CPU
		{2316F1D6-8985-45DB-8E7B-B165B1F1ABBD}.Debug|Any CPU.Build.0 = Debug|Any CPU
		{2316F1D6-8985-45DB-8E7B-B165B1F1ABBD}.Debug|x64.ActiveCfg = Debug|Any CPU
		{2316F1D6-8985-45DB-8E7B-B165B1F1ABBD}.Debug|x64.Build.0 = Debug|Any CPU
		{2316F1D6-8985-45DB-8E7B-B165B1F1ABBD}.Debug|x86.ActiveCfg = Debug|Any CPU
		{2316F1D6-8985-45DB-8E7B-B165B1F1ABBD}.Debug|x86.Build.0 = Debug|Any CPU
		{2316F1D6-8985-45DB-8E7B-B165B1F1ABBD}.Release|Any CPU.ActiveCfg = Release|Any CPU
		{2316F1D6-8985-45DB-8E7B-B165B1F1ABBD}.Release|Any CPU.Build.0 = Release|Any CPU
		{2316F1D6-8985-45DB-8E7B-B165B1F1ABBD}.Release|x64.ActiveCfg = Release|Any CPU
		{2316F1D6-8985-45DB-8E7B-B165B1F1ABBD}.Release|x64.Build.0 = Release|Any CPU
		{2316F1D6-8985-45DB-8E7B-B165B1F1ABBD}.Release|x86.ActiveCfg = Release|Any CPU
		{2316F1D6-8985-45DB-8E7B-B165B1F1ABBD}.Release|x86.Build.0 = Release|Any CPU
		{0DBA0CE0-B3E2-4769-9537-D6165600366A}.Debug|Any CPU.ActiveCfg = Debug|Any CPU
		{0DBA0CE0-B3E2-4769-9537-D6165600366A}.Debug|Any CPU.Build.0 = Debug|Any CPU
		{0DBA0CE0-B3E2-4769-9537-D6165600366A}.Debug|x64.ActiveCfg = Debug|Any CPU
		{0DBA0CE0-B3E2-4769-9537-D6165600366A}.Debug|x64.Build.0 = Debug|Any CPU
		{0DBA0CE0-B3E2-4769-9537-D6165600366A}.Debug|x86.ActiveCfg = Debug|Any CPU
		{0DBA0CE0-B3E2-4769-9537-D6165600366A}.Debug|x86.Build.0 = Debug|Any CPU
		{0DBA0CE0-B3E2-4769-9537-D6165600366A}.Release|Any CPU.ActiveCfg = Release|Any CPU
		{0DBA0CE0-B3E2-4769-9537-D6165600366A}.Release|Any CPU.Build.0 = Release|Any CPU
		{0DBA0CE0-B3E2-4769-9537-D6165600366A}.Release|x64.ActiveCfg = Release|Any CPU
		{0DBA0CE0-B3E2-4769-9537-D6165600366A}.Release|x64.Build.0 = Release|Any CPU
		{0DBA0CE0-B3E2-4769-9537-D6165600366A}.Release|x86.ActiveCfg = Release|Any CPU
		{0DBA0CE0-B3E2-4769-9537-D6165600366A}.Release|x86.Build.0 = Release|Any CPU
		{50DCB888-43B0-4462-90F5-8768F8FA059E}.Debug|Any CPU.ActiveCfg = Debug|Any CPU
		{50DCB888-43B0-4462-90F5-8768F8FA059E}.Debug|Any CPU.Build.0 = Debug|Any CPU
		{50DCB888-43B0-4462-90F5-8768F8FA059E}.Debug|x64.ActiveCfg = Debug|Any CPU
		{50DCB888-43B0-4462-90F5-8768F8FA059E}.Debug|x64.Build.0 = Debug|Any CPU
		{50DCB888-43B0-4462-90F5-8768F8FA059E}.Debug|x86.ActiveCfg = Debug|Any CPU
		{50DCB888-43B0-4462-90F5-8768F8FA059E}.Debug|x86.Build.0 = Debug|Any CPU
		{50DCB888-43B0-4462-90F5-8768F8FA059E}.Release|Any CPU.ActiveCfg = Release|Any CPU
		{50DCB888-43B0-4462-90F5-8768F8FA059E}.Release|Any CPU.Build.0 = Release|Any CPU
		{50DCB888-43B0-4462-90F5-8768F8FA059E}.Release|x64.ActiveCfg = Release|Any CPU
		{50DCB888-43B0-4462-90F5-8768F8FA059E}.Release|x64.Build.0 = Release|Any CPU
		{50DCB888-43B0-4462-90F5-8768F8FA059E}.Release|x86.ActiveCfg = Release|Any CPU
		{50DCB888-43B0-4462-90F5-8768F8FA059E}.Release|x86.Build.0 = Release|Any CPU
		{16822253-5A25-4B0D-B914-F064F32DED2A}.Debug|Any CPU.ActiveCfg = Debug|Any CPU
		{16822253-5A25-4B0D-B914-F064F32DED2A}.Debug|Any CPU.Build.0 = Debug|Any CPU
		{16822253-5A25-4B0D-B914-F064F32DED2A}.Debug|x64.ActiveCfg = Debug|Any CPU
		{16822253-5A25-4B0D-B914-F064F32DED2A}.Debug|x64.Build.0 = Debug|Any CPU
		{16822253-5A25-4B0D-B914-F064F32DED2A}.Debug|x86.ActiveCfg = Debug|Any CPU
		{16822253-5A25-4B0D-B914-F064F32DED2A}.Debug|x86.Build.0 = Debug|Any CPU
		{16822253-5A25-4B0D-B914-F064F32DED2A}.Release|Any CPU.ActiveCfg = Release|Any CPU
		{16822253-5A25-4B0D-B914-F064F32DED2A}.Release|Any CPU.Build.0 = Release|Any CPU
		{16822253-5A25-4B0D-B914-F064F32DED2A}.Release|x64.ActiveCfg = Release|Any CPU
		{16822253-5A25-4B0D-B914-F064F32DED2A}.Release|x64.Build.0 = Release|Any CPU
		{16822253-5A25-4B0D-B914-F064F32DED2A}.Release|x86.ActiveCfg = Release|Any CPU
		{16822253-5A25-4B0D-B914-F064F32DED2A}.Release|x86.Build.0 = Release|Any CPU
		{C8A99DAA-E06C-46FB-97FE-87FB5977F44F}.Debug|Any CPU.ActiveCfg = Debug|Any CPU
		{C8A99DAA-E06C-46FB-97FE-87FB5977F44F}.Debug|Any CPU.Build.0 = Debug|Any CPU
		{C8A99DAA-E06C-46FB-97FE-87FB5977F44F}.Debug|x64.ActiveCfg = Debug|Any CPU
		{C8A99DAA-E06C-46FB-97FE-87FB5977F44F}.Debug|x64.Build.0 = Debug|Any CPU
		{C8A99DAA-E06C-46FB-97FE-87FB5977F44F}.Debug|x86.ActiveCfg = Debug|Any CPU
		{C8A99DAA-E06C-46FB-97FE-87FB5977F44F}.Debug|x86.Build.0 = Debug|Any CPU
		{C8A99DAA-E06C-46FB-97FE-87FB5977F44F}.Release|Any CPU.ActiveCfg = Release|Any CPU
		{C8A99DAA-E06C-46FB-97FE-87FB5977F44F}.Release|Any CPU.Build.0 = Release|Any CPU
		{C8A99DAA-E06C-46FB-97FE-87FB5977F44F}.Release|x64.ActiveCfg = Release|Any CPU
		{C8A99DAA-E06C-46FB-97FE-87FB5977F44F}.Release|x64.Build.0 = Release|Any CPU
		{C8A99DAA-E06C-46FB-97FE-87FB5977F44F}.Release|x86.ActiveCfg = Release|Any CPU
		{C8A99DAA-E06C-46FB-97FE-87FB5977F44F}.Release|x86.Build.0 = Release|Any CPU
		{7FBE442D-407D-4958-A8F8-225223A7CA70}.Debug|Any CPU.ActiveCfg = Debug|Any CPU
		{7FBE442D-407D-4958-A8F8-225223A7CA70}.Debug|Any CPU.Build.0 = Debug|Any CPU
		{7FBE442D-407D-4958-A8F8-225223A7CA70}.Debug|x64.ActiveCfg = Debug|Any CPU
		{7FBE442D-407D-4958-A8F8-225223A7CA70}.Debug|x64.Build.0 = Debug|Any CPU
		{7FBE442D-407D-4958-A8F8-225223A7CA70}.Debug|x86.ActiveCfg = Debug|Any CPU
		{7FBE442D-407D-4958-A8F8-225223A7CA70}.Debug|x86.Build.0 = Debug|Any CPU
		{7FBE442D-407D-4958-A8F8-225223A7CA70}.Release|Any CPU.ActiveCfg = Release|Any CPU
		{7FBE442D-407D-4958-A8F8-225223A7CA70}.Release|Any CPU.Build.0 = Release|Any CPU
		{7FBE442D-407D-4958-A8F8-225223A7CA70}.Release|x64.ActiveCfg = Release|Any CPU
		{7FBE442D-407D-4958-A8F8-225223A7CA70}.Release|x64.Build.0 = Release|Any CPU
		{7FBE442D-407D-4958-A8F8-225223A7CA70}.Release|x86.ActiveCfg = Release|Any CPU
		{7FBE442D-407D-4958-A8F8-225223A7CA70}.Release|x86.Build.0 = Release|Any CPU
		{12DD7B11-EFE4-427D-84B9-206007E91FB1}.Debug|Any CPU.ActiveCfg = Debug|Any CPU
		{12DD7B11-EFE4-427D-84B9-206007E91FB1}.Debug|Any CPU.Build.0 = Debug|Any CPU
		{12DD7B11-EFE4-427D-84B9-206007E91FB1}.Debug|x64.ActiveCfg = Debug|Any CPU
		{12DD7B11-EFE4-427D-84B9-206007E91FB1}.Debug|x64.Build.0 = Debug|Any CPU
		{12DD7B11-EFE4-427D-84B9-206007E91FB1}.Debug|x86.ActiveCfg = Debug|Any CPU
		{12DD7B11-EFE4-427D-84B9-206007E91FB1}.Debug|x86.Build.0 = Debug|Any CPU
		{12DD7B11-EFE4-427D-84B9-206007E91FB1}.Release|Any CPU.ActiveCfg = Release|Any CPU
		{12DD7B11-EFE4-427D-84B9-206007E91FB1}.Release|Any CPU.Build.0 = Release|Any CPU
		{12DD7B11-EFE4-427D-84B9-206007E91FB1}.Release|x64.ActiveCfg = Release|Any CPU
		{12DD7B11-EFE4-427D-84B9-206007E91FB1}.Release|x64.Build.0 = Release|Any CPU
		{12DD7B11-EFE4-427D-84B9-206007E91FB1}.Release|x86.ActiveCfg = Release|Any CPU
		{12DD7B11-EFE4-427D-84B9-206007E91FB1}.Release|x86.Build.0 = Release|Any CPU
	EndGlobalSection
	GlobalSection(SolutionProperties) = preSolution
		HideSolutionNode = FALSE
	EndGlobalSection
	GlobalSection(ExtensibilityGlobals) = postSolution
		SolutionGuid = {45BF7357-8789-4720-80AF-BCEA105BC03F}
	EndGlobalSection
EndGlobal
